
Microsoft Visual Studio Solution File, Format Version 12.00
# Visual Studio Version 16
VisualStudioVersion = 25.0.1705.4
MinimumVisualStudioVersion = 10.0.40219.1
Project("{FAE04EC0-301F-11D3-BF4B-00C04F79EFBC}") = "CA_ShoppingWebsite", "CA_ShoppingWebsite.csproj", "{1A777EE7-07DD-43AE-8B79-FDBA4B2C11BF}"
EndProject
Global
	GlobalSection(SolutionConfigurationPlatforms) = preSolution
		Debug|Any CPU = Debug|Any CPU
		Release|Any CPU = Release|Any CPU
	EndGlobalSection
	GlobalSection(ProjectConfigurationPlatforms) = postSolution
		{1A777EE7-07DD-43AE-8B79-FDBA4B2C11BF}.Debug|Any CPU.ActiveCfg = Debug|Any CPU
		{1A777EE7-07DD-43AE-8B79-FDBA4B2C11BF}.Debug|Any CPU.Build.0 = Debug|Any CPU
		{1A777EE7-07DD-43AE-8B79-FDBA4B2C11BF}.Release|Any CPU.ActiveCfg = Release|Any CPU
		{1A777EE7-07DD-43AE-8B79-FDBA4B2C11BF}.Release|Any CPU.Build.0 = Release|Any CPU
	EndGlobalSection
	GlobalSection(SolutionProperties) = preSolution
		HideSolutionNode = FALSE
	EndGlobalSection
	GlobalSection(ExtensibilityGlobals) = postSolution
		SolutionGuid = {E5CA284A-86A9-4667-BD78-977C12EA4433}
	EndGlobalSection
EndGlobal
